{
  "originHash" : "1e8d2eefaea4f2c1aabadbf3868334ee8e9f11bfdcebc0f154b4cf1b8cdc04ce",
  "pins" : [
    {
      "identity" : "swiftsdk",
      "kind" : "remoteSourceControl",
      "location" : "https://github.com/TelemetryDeck/SwiftSDK.git",
      "state" : {
        "revision" : "41dfe21580bf244b6a0ddd5f2135cd58f2059c29",
        "version" : "2.9.1"
      }
    }
  ],
  "version" : 3
}
