// !$*UTF8*$!
{
	archiveVersion = 1;
	classes = {
	};
	objectVersion = 71;
	objects = {

/* Begin PBXBuildFile section */
		190DFBA42D6FC2170062D079 /* CurrencyFormatter.swift in Sources */ = {isa = PBXBuildFile; fileRef = 190DFBA32D6FC2140062D079 /* CurrencyFormatter.swift */; };
		191FEA612D6D04E5006FF067 /* SettingsManager.swift in Sources */ = {isa = PBXBuildFile; fileRef = 191FEA602D6D04E5006FF067 /* SettingsManager.swift */; };
		1920B0D62D88B13000CFA1E9 /* TelemetryDeck in Frameworks */ = {isa = PBXBuildFile; productRef = 1920B0D52D88B13000CFA1E9 /* TelemetryDeck */; };
		1920B1172D88B29100CFA1E9 /* TelemetryManager.swift in Sources */ = {isa = PBXBuildFile; fileRef = 1920B1162D88B29100CFA1E9 /* TelemetryManager.swift */; };
		1927DDFA2D8B1FEF00BEFD9D /* download_images.py in Resources */ = {isa = PBXBuildFile; fileRef = 1927DDF92D8B1FEF00BEFD9D /* download_images.py */; };
		1927DE702D8B2DB400BEFD9D /* TestAssets.xcassets in Resources */ = {isa = PBXBuildFile; fileRef = 1927DE6F2D8B2DB400BEFD9D /* TestAssets.xcassets */; };
		194195662DA4805B008CABAA /* ModelContainerManager.swift in Sources */ = {isa = PBXBuildFile; fileRef = 194195652DA4805B008CABAA /* ModelContainerManager.swift */; };
		1942DC7E2BF391CB00734AF4 /* MovingBoxApp.swift in Sources */ = {isa = PBXBuildFile; fileRef = 1942DC7D2BF391CB00734AF4 /* MovingBoxApp.swift */; };
		1942DC822BF391CF00734AF4 /* Assets.xcassets in Resources */ = {isa = PBXBuildFile; fileRef = 1942DC812BF391CF00734AF4 /* Assets.xcassets */; };
		1942DC852BF391CF00734AF4 /* Preview Assets.xcassets in Resources */ = {isa = PBXBuildFile; fileRef = 1942DC842BF391CF00734AF4 /* Preview Assets.xcassets */; };
		1942DC8C2BF3D4BE00734AF4 /* OpenAIService.swift in Sources */ = {isa = PBXBuildFile; fileRef = 1942DC8B2BF3D4BE00734AF4 /* OpenAIService.swift */; };
		1942DC962BF3DBBD00734AF4 /* ImageEncoder.swift in Sources */ = {isa = PBXBuildFile; fileRef = 1942DC952BF3DBBD00734AF4 /* ImageEncoder.swift */; };
		196109F52D764D9100A76504 /* ColorExtension.swift in Sources */ = {isa = PBXBuildFile; fileRef = 196109F42D764D9100A76504 /* ColorExtension.swift */; };
		1961C6E92D9DDC56004CF387 /* RevenueCat in Frameworks */ = {isa = PBXBuildFile; productRef = 1961C6E82D9DDC56004CF387 /* RevenueCat */; };
		1961C6EB2D9DDC56004CF387 /* RevenueCatUI in Frameworks */ = {isa = PBXBuildFile; productRef = 1961C6EA2D9DDC56004CF387 /* RevenueCatUI */; };
		1961C6EE2D9DDCA8004CF387 /* StoreKit.framework in Frameworks */ = {isa = PBXBuildFile; fileRef = 1961C6ED2D9DDCA8004CF387 /* StoreKit.framework */; };
		1961C6FA2D9EBB34004CF387 /* MovingBoxStoreKit.storekit in Resources */ = {isa = PBXBuildFile; fileRef = 1961C6F82D9EB864004CF387 /* MovingBoxStoreKit.storekit */; };
		1965A96F2D9D5A4E00B799C9 /* SnapshotTesting in Frameworks */ = {isa = PBXBuildFile; productRef = 1965A96E2D9D5A4E00B799C9 /* SnapshotTesting */; };
		1965A9712D9D5A7F00B799C9 /* SnapshotTests.swift in Sources */ = {isa = PBXBuildFile; fileRef = 1965A9702D9D5A7F00B799C9 /* SnapshotTests.swift */; };
		19750C382DA07FF40056F0FC /* OnboardingManager.swift in Sources */ = {isa = PBXBuildFile; fileRef = 19750C372DA07FF40056F0FC /* OnboardingManager.swift */; };
		198958AD2BF8FAC700C52CAE /* TestData.swift in Sources */ = {isa = PBXBuildFile; fileRef = 198958AC2BF8FAC700C52CAE /* TestData.swift */; };
		198958AF2BF99F5600C52CAE /* Previewer.swift in Sources */ = {isa = PBXBuildFile; fileRef = 198958AE2BF99F5600C52CAE /* Previewer.swift */; };
		19A9AB102DB274C7001CEDA2 /* (null) in Frameworks */ = {isa = PBXBuildFile; };
		19A9AB112DB274C7001CEDA2 /* (null) in Frameworks */ = {isa = PBXBuildFile; };
		19C01D5E2D93088300773DA4 /* JWTManager.swift in Sources */ = {isa = PBXBuildFile; fileRef = 19C01D5D2D93088300773DA4 /* JWTManager.swift */; };
		19D133912D72B422002448A9 /* DefaultDataManager.swift in Sources */ = {isa = PBXBuildFile; fileRef = 19D133902D72B422002448A9 /* DefaultDataManager.swift */; };
		19D3430E2C12146800F8B2C7 /* Router.swift in Sources */ = {isa = PBXBuildFile; fileRef = 19D3430D2C12146800F8B2C7 /* Router.swift */; };
		19ECBB112DA5995900B8BF96 /* RevenueCatManager.swift in Sources */ = {isa = PBXBuildFile; fileRef = 19ECBB102DA5995900B8BF96 /* RevenueCatManager.swift */; };
		19F765D52DAB558000AE287D /* OptimizedImageManager.swift in Sources */ = {isa = PBXBuildFile; fileRef = 19F765D42DAB558000AE287D /* OptimizedImageManager.swift */; };
		4A01539D070041769323F9C9 /* Sentry in Frameworks */ = {isa = PBXBuildFile; productRef = D8EF9BE2FD8E4F3AAFF4F0BC /* Sentry */; };
/* End PBXBuildFile section */

/* Begin PBXContainerItemProxy section */
		19B7D9752D9B112200690F64 /* PBXContainerItemProxy */ = {
			isa = PBXContainerItemProxy;
			containerPortal = 1942DC722BF391CB00734AF4 /* Project object */;
			proxyType = 1;
			remoteGlobalIDString = 1942DC792BF391CB00734AF4;
			remoteInfo = MovingBox;
		};
		19D133CD2D75455B002448A9 /* PBXContainerItemProxy */ = {
			isa = PBXContainerItemProxy;
			containerPortal = 1942DC722BF391CB00734AF4 /* Project object */;
			proxyType = 1;
			remoteGlobalIDString = 1942DC792BF391CB00734AF4;
			remoteInfo = MovingBox;
		};
/* End PBXContainerItemProxy section */

/* Begin PBXFileReference section */
		190DFBA32D6FC2140062D079 /* CurrencyFormatter.swift */ = {isa = PBXFileReference; lastKnownFileType = sourcecode.swift; path = CurrencyFormatter.swift; sourceTree = "<group>"; };
		191FEA602D6D04E5006FF067 /* SettingsManager.swift */ = {isa = PBXFileReference; lastKnownFileType = sourcecode.swift; path = SettingsManager.swift; sourceTree = "<group>"; };
		1920B1162D88B29100CFA1E9 /* TelemetryManager.swift */ = {isa = PBXFileReference; lastKnownFileType = sourcecode.swift; path = TelemetryManager.swift; sourceTree = "<group>"; };
		1927DD0F2D89E26600BEFD9D /* LICENSE */ = {isa = PBXFileReference; lastKnownFileType = text; path = LICENSE; sourceTree = "<group>"; };
		1927DD102D89E26600BEFD9D /* README.md */ = {isa = PBXFileReference; lastKnownFileType = net.daringfireball.markdown; path = README.md; sourceTree = "<group>"; };
		1927DD112D89EB1000BEFD9D /* PRIVACY_POLICY.md */ = {isa = PBXFileReference; lastKnownFileType = net.daringfireball.markdown; path = PRIVACY_POLICY.md; sourceTree = "<group>"; };
		1927DD122D89EC5D00BEFD9D /* EULA.md */ = {isa = PBXFileReference; lastKnownFileType = net.daringfireball.markdown; path = EULA.md; sourceTree = "<group>"; };
		1927DD132D89EE5D00BEFD9D /* icon_shadow.png */ = {isa = PBXFileReference; lastKnownFileType = image.png; path = icon_shadow.png; sourceTree = "<group>"; };
		1927DDF92D8B1FEF00BEFD9D /* download_images.py */ = {isa = PBXFileReference; lastKnownFileType = text.script.python; path = download_images.py; sourceTree = "<group>"; };
		1927DE6F2D8B2DB400BEFD9D /* TestAssets.xcassets */ = {isa = PBXFileReference; lastKnownFileType = folder.assetcatalog; path = TestAssets.xcassets; sourceTree = "<group>"; };
		1937AABB2D938FBD00C68797 /* ci_post_clone.sh */ = {isa = PBXFileReference; lastKnownFileType = text.script.sh; path = ci_post_clone.sh; sourceTree = "<group>"; };
		194195652DA4805B008CABAA /* ModelContainerManager.swift */ = {isa = PBXFileReference; lastKnownFileType = sourcecode.swift; path = ModelContainerManager.swift; sourceTree = "<group>"; };
		1942DC7A2BF391CB00734AF4 /* MovingBox.app */ = {isa = PBXFileReference; explicitFileType = wrapper.application; includeInIndex = 0; path = MovingBox.app; sourceTree = BUILT_PRODUCTS_DIR; };
		1942DC7D2BF391CB00734AF4 /* MovingBoxApp.swift */ = {isa = PBXFileReference; lastKnownFileType = sourcecode.swift; path = MovingBoxApp.swift; sourceTree = "<group>"; };
		1942DC812BF391CF00734AF4 /* Assets.xcassets */ = {isa = PBXFileReference; lastKnownFileType = folder.assetcatalog; path = Assets.xcassets; sourceTree = "<group>"; };
		1942DC842BF391CF00734AF4 /* Preview Assets.xcassets */ = {isa = PBXFileReference; lastKnownFileType = folder.assetcatalog; path = "Preview Assets.xcassets"; sourceTree = "<group>"; };
		1942DC8B2BF3D4BE00734AF4 /* OpenAIService.swift */ = {isa = PBXFileReference; lastKnownFileType = sourcecode.swift; path = OpenAIService.swift; sourceTree = "<group>"; };
		1942DC952BF3DBBD00734AF4 /* ImageEncoder.swift */ = {isa = PBXFileReference; lastKnownFileType = sourcecode.swift; path = ImageEncoder.swift; sourceTree = "<group>"; };
		196109F42D764D9100A76504 /* ColorExtension.swift */ = {isa = PBXFileReference; lastKnownFileType = sourcecode.swift; path = ColorExtension.swift; sourceTree = "<group>"; };
		1961C6ED2D9DDCA8004CF387 /* StoreKit.framework */ = {isa = PBXFileReference; lastKnownFileType = wrapper.framework; name = StoreKit.framework; path = System/Library/Frameworks/StoreKit.framework; sourceTree = SDKROOT; };
		1961C6F82D9EB864004CF387 /* MovingBoxStoreKit.storekit */ = {isa = PBXFileReference; lastKnownFileType = text; name = MovingBoxStoreKit.storekit; path = MovingBox/MovingBoxStoreKit.storekit; sourceTree = "<group>"; };
		1961C6FB2D9EBB5F004CF387 /* StoreKitTestCertificate.cer */ = {isa = PBXFileReference; lastKnownFileType = file; path = StoreKitTestCertificate.cer; sourceTree = "<group>"; };
		1965A9702D9D5A7F00B799C9 /* SnapshotTests.swift */ = {isa = PBXFileReference; lastKnownFileType = sourcecode.swift; name = SnapshotTests.swift; path = MovingBoxTests/SnapshotTests.swift; sourceTree = "<group>"; };
		19750C372DA07FF40056F0FC /* OnboardingManager.swift */ = {isa = PBXFileReference; lastKnownFileType = sourcecode.swift; path = OnboardingManager.swift; sourceTree = "<group>"; };
		198958AC2BF8FAC700C52CAE /* TestData.swift */ = {isa = PBXFileReference; lastKnownFileType = sourcecode.swift; name = TestData.swift; path = MovingBox/Services/TestData.swift; sourceTree = SOURCE_ROOT; };
		198958AE2BF99F5600C52CAE /* Previewer.swift */ = {isa = PBXFileReference; lastKnownFileType = sourcecode.swift; name = Previewer.swift; path = MovingBox/Services/Previewer.swift; sourceTree = SOURCE_ROOT; };
		198958B02BF9AEA200C52CAE /* MovingBox.entitlements */ = {isa = PBXFileReference; lastKnownFileType = text.plist.entitlements; path = MovingBox.entitlements; sourceTree = "<group>"; };
		198958B12BF9AEF900C52CAE /* Info.plist */ = {isa = PBXFileReference; lastKnownFileType = text.plist.xml; path = Info.plist; sourceTree = "<group>"; };
		19AD60802D934BA900465BFF /* WhatToTest.en-US.txt */ = {isa = PBXFileReference; lastKnownFileType = text; path = "WhatToTest.en-US.txt"; sourceTree = "<group>"; };
		19B7D96F2D9B112200690F64 /* MovingBoxUITests.xctest */ = {isa = PBXFileReference; explicitFileType = wrapper.cfbundle; includeInIndex = 0; path = MovingBoxUITests.xctest; sourceTree = BUILT_PRODUCTS_DIR; };
		19B7D9902D9B362E00690F64 /* MovingBoxUITests.xctestplan */ = {isa = PBXFileReference; lastKnownFileType = text; name = MovingBoxUITests.xctestplan; path = "Test Plans/MovingBoxUITests.xctestplan"; sourceTree = "<group>"; };
		19B7D9912D9B364800690F64 /* MovingBoxTests.xctestplan */ = {isa = PBXFileReference; lastKnownFileType = text; name = MovingBoxTests.xctestplan; path = "Test Plans/MovingBoxTests.xctestplan"; sourceTree = "<group>"; };
		19C01D5B2D92EEC600773DA4 /* .gitignore */ = {isa = PBXFileReference; lastKnownFileType = text; path = .gitignore; sourceTree = "<group>"; };
		19C01D5D2D93088300773DA4 /* JWTManager.swift */ = {isa = PBXFileReference; lastKnownFileType = sourcecode.swift; path = JWTManager.swift; sourceTree = "<group>"; };
		19D133902D72B422002448A9 /* DefaultDataManager.swift */ = {isa = PBXFileReference; lastKnownFileType = sourcecode.swift; path = DefaultDataManager.swift; sourceTree = "<group>"; };
		19D133C92D75455B002448A9 /* MovingBoxTests.xctest */ = {isa = PBXFileReference; explicitFileType = wrapper.cfbundle; includeInIndex = 0; path = MovingBoxTests.xctest; sourceTree = BUILT_PRODUCTS_DIR; };
		19D3430D2C12146800F8B2C7 /* Router.swift */ = {isa = PBXFileReference; lastKnownFileType = sourcecode.swift; path = Router.swift; sourceTree = "<group>"; };
		19ECBB102DA5995900B8BF96 /* RevenueCatManager.swift */ = {isa = PBXFileReference; lastKnownFileType = sourcecode.swift; path = RevenueCatManager.swift; sourceTree = "<group>"; };
		19F2CB932D9D7A280053050B /* MovingBoxSnapshotTests.xctestplan */ = {isa = PBXFileReference; lastKnownFileType = text; name = MovingBoxSnapshotTests.xctestplan; path = "Test Plans/MovingBoxSnapshotTests.xctestplan"; sourceTree = "<group>"; };
		19F2CC3F2D9D85210053050B /* .gitattributes */ = {isa = PBXFileReference; lastKnownFileType = text; path = .gitattributes; sourceTree = "<group>"; };
		19F765D42DAB558000AE287D /* OptimizedImageManager.swift */ = {isa = PBXFileReference; lastKnownFileType = sourcecode.swift; path = OptimizedImageManager.swift; sourceTree = "<group>"; };
/* End PBXFileReference section */

/* Begin PBXFileSystemSynchronizedBuildFileExceptionSet section */
		1981B5C92D9ACB6A007AD7F5 /* PBXFileSystemSynchronizedBuildFileExceptionSet */ = {
			isa = PBXFileSystemSynchronizedBuildFileExceptionSet;
			membershipExceptions = (
				Base.template.xcconfig,
				Base.xcconfig,
			);
			target = 1942DC792BF391CB00734AF4 /* MovingBox */;
		};
		19F2CC3E2D9D83580053050B /* PBXFileSystemSynchronizedBuildFileExceptionSet */ = {
			isa = PBXFileSystemSynchronizedBuildFileExceptionSet;
			membershipExceptions = (
				SnapshotTests.swift,
			);
			target = 19D133C82D75455B002448A9 /* MovingBoxTests */;
		};
/* End PBXFileSystemSynchronizedBuildFileExceptionSet section */

/* Begin PBXFileSystemSynchronizedRootGroup section */
		19B7D9702D9B112200690F64 /* MovingBoxUITests */ = {isa = PBXFileSystemSynchronizedRootGroup; explicitFileTypes = {}; explicitFolders = (); path = MovingBoxUITests; sourceTree = "<group>"; };
		19C01D602D93157A00773DA4 /* Configuration */ = {isa = PBXFileSystemSynchronizedRootGroup; exceptions = (1981B5C92D9ACB6A007AD7F5 /* PBXFileSystemSynchronizedBuildFileExceptionSet */, ); explicitFileTypes = {}; explicitFolders = (); path = Configuration; sourceTree = "<group>"; };
		19D133A82D72BFB2002448A9 /* Views */ = {isa = PBXFileSystemSynchronizedRootGroup; explicitFileTypes = {}; explicitFolders = (); path = Views; sourceTree = "<group>"; };
		19D133BC2D72BFB8002448A9 /* Models */ = {isa = PBXFileSystemSynchronizedRootGroup; explicitFileTypes = {}; explicitFolders = (); path = Models; sourceTree = "<group>"; };
		19D133CA2D75455B002448A9 /* MovingBoxTests */ = {isa = PBXFileSystemSynchronizedRootGroup; exceptions = (19F2CC3E2D9D83580053050B /* PBXFileSystemSynchronizedBuildFileExceptionSet */, ); explicitFileTypes = {}; explicitFolders = (); path = MovingBoxTests; sourceTree = "<group>"; };
/* End PBXFileSystemSynchronizedRootGroup section */

/* Begin PBXFrameworksBuildPhase section */
		1942DC772BF391CB00734AF4 /* Frameworks */ = {
			isa = PBXFrameworksBuildPhase;
			buildActionMask = 2147483647;
			files = (
				1961C6E92D9DDC56004CF387 /* RevenueCat in Frameworks */,
				1920B0D62D88B13000CFA1E9 /* TelemetryDeck in Frameworks */,
				1961C6EB2D9DDC56004CF387 /* RevenueCatUI in Frameworks */,
				1961C6EE2D9DDCA8004CF387 /* StoreKit.framework in Frameworks */,
				4A01539D070041769323F9C9 /* Sentry in Frameworks */,
			);
			runOnlyForDeploymentPostprocessing = 0;
		};
		19B7D96C2D9B112200690F64 /* Frameworks */ = {
			isa = PBXFrameworksBuildPhase;
			buildActionMask = 2147483647;
			files = (
				19A9AB112DB274C7001CEDA2 /* (null) in Frameworks */,
			);
			runOnlyForDeploymentPostprocessing = 0;
		};
		19D133C62D75455B002448A9 /* Frameworks */ = {
			isa = PBXFrameworksBuildPhase;
			buildActionMask = 2147483647;
			files = (
				1965A96F2D9D5A4E00B799C9 /* SnapshotTesting in Frameworks */,
				19A9AB102DB274C7001CEDA2 /* (null) in Frameworks */,
			);
			runOnlyForDeploymentPostprocessing = 0;
		};
/* End PBXFrameworksBuildPhase section */

/* Begin PBXGroup section */
		1937AABA2D938F6D00C68797 /* ci_scripts */ = {
			isa = PBXGroup;
			children = (
				1937AABB2D938FBD00C68797 /* ci_post_clone.sh */,
			);
			path = ci_scripts;
			sourceTree = "<group>";
		};
		1942DC712BF391CB00734AF4 = {
			isa = PBXGroup;
			children = (
				1961C6F82D9EB864004CF387 /* MovingBoxStoreKit.storekit */,
				1961C6FB2D9EBB5F004CF387 /* StoreKitTestCertificate.cer */,
				19F2CC3F2D9D85210053050B /* .gitattributes */,
				1965A9702D9D5A7F00B799C9 /* SnapshotTests.swift */,
				19B7D9912D9B364800690F64 /* MovingBoxTests.xctestplan */,
				19F2CB932D9D7A280053050B /* MovingBoxSnapshotTests.xctestplan */,
				19B7D9902D9B362E00690F64 /* MovingBoxUITests.xctestplan */,
				1937AABA2D938F6D00C68797 /* ci_scripts */,
				19AD607F2D934B8100465BFF /* TestFlight */,
				19C01D5B2D92EEC600773DA4 /* .gitignore */,
				1927DD0F2D89E26600BEFD9D /* LICENSE */,
				1927DD102D89E26600BEFD9D /* README.md */,
				1927DD112D89EB1000BEFD9D /* PRIVACY_POLICY.md */,
				1927DD122D89EC5D00BEFD9D /* EULA.md */,
				1942DC7C2BF391CB00734AF4 /* MovingBox */,
				19D133CA2D75455B002448A9 /* MovingBoxTests */,
				19B7D9702D9B112200690F64 /* MovingBoxUITests */,
				1942DC7B2BF391CB00734AF4 /* Products */,
				1927DD132D89EE5D00BEFD9D /* icon_shadow.png */,
				1961C6EC2D9DDCA8004CF387 /* Frameworks */,
			);
			sourceTree = "<group>";
		};
		1942DC7B2BF391CB00734AF4 /* Products */ = {
			isa = PBXGroup;
			children = (
				1942DC7A2BF391CB00734AF4 /* MovingBox.app */,
				19D133C92D75455B002448A9 /* MovingBoxTests.xctest */,
				19B7D96F2D9B112200690F64 /* MovingBoxUITests.xctest */,
			);
			name = Products;
			sourceTree = "<group>";
		};
		1942DC7C2BF391CB00734AF4 /* MovingBox */ = {
			isa = PBXGroup;
			children = (
				19C01D602D93157A00773DA4 /* Configuration */,
				1927DE6F2D8B2DB400BEFD9D /* TestAssets.xcassets */,
				1927DDF92D8B1FEF00BEFD9D /* download_images.py */,
				198958B02BF9AEA200C52CAE /* MovingBox.entitlements */,
				198958A32BF6FDC400C52CAE /* Services */,
				19D133BC2D72BFB8002448A9 /* Models */,
				19D133A82D72BFB2002448A9 /* Views */,
				1942DC7D2BF391CB00734AF4 /* MovingBoxApp.swift */,
				1942DC812BF391CF00734AF4 /* Assets.xcassets */,
				1942DC832BF391CF00734AF4 /* Preview Content */,
				198958B12BF9AEF900C52CAE /* Info.plist */,
			);
			path = MovingBox;
			sourceTree = "<group>";
		};
		1942DC832BF391CF00734AF4 /* Preview Content */ = {
			isa = PBXGroup;
			children = (
				1942DC842BF391CF00734AF4 /* Preview Assets.xcassets */,
			);
			path = "Preview Content";
			sourceTree = "<group>";
		};
		1961C6EC2D9DDCA8004CF387 /* Frameworks */ = {
			isa = PBXGroup;
			children = (
				1961C6ED2D9DDCA8004CF387 /* StoreKit.framework */,
			);
			name = Frameworks;
			sourceTree = "<group>";
		};
		198958A32BF6FDC400C52CAE /* Services */ = {
			isa = PBXGroup;
			children = (
				19F765D42DAB558000AE287D /* OptimizedImageManager.swift */,
				19ECBB102DA5995900B8BF96 /* RevenueCatManager.swift */,
				194195652DA4805B008CABAA /* ModelContainerManager.swift */,
				19750C372DA07FF40056F0FC /* OnboardingManager.swift */,
				19C01D5D2D93088300773DA4 /* JWTManager.swift */,
				1920B1162D88B29100CFA1E9 /* TelemetryManager.swift */,
				196109F42D764D9100A76504 /* ColorExtension.swift */,
				190DFBA32D6FC2140062D079 /* CurrencyFormatter.swift */,
				1942DC952BF3DBBD00734AF4 /* ImageEncoder.swift */,
				1942DC8B2BF3D4BE00734AF4 /* OpenAIService.swift */,
				198958AE2BF99F5600C52CAE /* Previewer.swift */,
				19D3430D2C12146800F8B2C7 /* Router.swift */,
				198958AC2BF8FAC700C52CAE /* TestData.swift */,
				19D133902D72B422002448A9 /* DefaultDataManager.swift */,
				191FEA602D6D04E5006FF067 /* SettingsManager.swift */,
			);
			path = Services;
			sourceTree = "<group>";
		};
		19AD607F2D934B8100465BFF /* TestFlight */ = {
			isa = PBXGroup;
			children = (
				19AD60802D934BA900465BFF /* WhatToTest.en-US.txt */,
			);
			path = TestFlight;
			sourceTree = "<group>";
		};
/* End PBXGroup section */

/* Begin PBXNativeTarget section */
		1942DC792BF391CB00734AF4 /* MovingBox */ = {
			isa = PBXNativeTarget;
			buildConfigurationList = 1942DC882BF391CF00734AF4 /* Build configuration list for PBXNativeTarget "MovingBox" */;
			buildPhases = (
				1942DC762BF391CB00734AF4 /* Sources */,
				1942DC772BF391CB00734AF4 /* Frameworks */,
				1942DC782BF391CB00734AF4 /* Resources */,
				309ED56E16674F43B9263DCC /* Upload Debug Symbols to Sentry */,
			);
			buildRules = (
			);
			dependencies = (
			);
			fileSystemSynchronizedGroups = (
				19C01D602D93157A00773DA4 /* Configuration */,
				19D133A82D72BFB2002448A9 /* Views */,
				19D133BC2D72BFB8002448A9 /* Models */,
			);
			name = MovingBox;
			packageProductDependencies = (
				D8EF9BE2FD8E4F3AAFF4F0BC /* Sentry */,
			);
			productName = MovingBox;
			productReference = 1942DC7A2BF391CB00734AF4 /* MovingBox.app */;
			productType = "com.apple.product-type.application";
		};
		19B7D96E2D9B112200690F64 /* MovingBoxUITests */ = {
			isa = PBXNativeTarget;
			buildConfigurationList = 19B7D9792D9B112200690F64 /* Build configuration list for PBXNativeTarget "MovingBoxUITests" */;
			buildPhases = (
				19B7D96B2D9B112200690F64 /* Sources */,
				19B7D96C2D9B112200690F64 /* Frameworks */,
				19B7D96D2D9B112200690F64 /* Resources */,
			);
			buildRules = (
			);
			dependencies = (
				19B7D9762D9B112200690F64 /* PBXTargetDependency */,
			);
			fileSystemSynchronizedGroups = (
				19B7D9702D9B112200690F64 /* MovingBoxUITests */,
			);
			name = MovingBoxUITests;
			packageProductDependencies = (
			);
			productName = MovingBoxUITests;
			productReference = 19B7D96F2D9B112200690F64 /* MovingBoxUITests.xctest */;
			productType = "com.apple.product-type.bundle.ui-testing";
		};
		19D133C82D75455B002448A9 /* MovingBoxTests */ = {
			isa = PBXNativeTarget;
			buildConfigurationList = 19D133CF2D75455B002448A9 /* Build configuration list for PBXNativeTarget "MovingBoxTests" */;
			buildPhases = (
				19D133C52D75455B002448A9 /* Sources */,
				19D133C62D75455B002448A9 /* Frameworks */,
				19D133C72D75455B002448A9 /* Resources */,
			);
			buildRules = (
			);
			dependencies = (
				19D133CE2D75455B002448A9 /* PBXTargetDependency */,
			);
			fileSystemSynchronizedGroups = (
				19D133CA2D75455B002448A9 /* MovingBoxTests */,
			);
			name = MovingBoxTests;
			packageProductDependencies = (
				1965A96E2D9D5A4E00B799C9 /* SnapshotTesting */,
			);
			productName = MovingBoxTests;
			productReference = 19D133C92D75455B002448A9 /* MovingBoxTests.xctest */;
			productType = "com.apple.product-type.bundle.unit-test";
		};
/* End PBXNativeTarget section */

/* Begin PBXProject section */
		1942DC722BF391CB00734AF4 /* Project object */ = {
			isa = PBXProject;
			attributes = {
				BuildIndependentTargetsInParallel = 1;
				LastSwiftUpdateCheck = 1620;
				LastUpgradeCheck = 1630;
				TargetAttributes = {
					1942DC792BF391CB00734AF4 = {
						CreatedOnToolsVersion = 15.3;
					};
					19B7D96E2D9B112200690F64 = {
						CreatedOnToolsVersion = 16.2;
						TestTargetID = 1942DC792BF391CB00734AF4;
					};
					19D133C82D75455B002448A9 = {
						CreatedOnToolsVersion = 16.2;
						TestTargetID = 1942DC792BF391CB00734AF4;
					};
				};
			};
			buildConfigurationList = 1942DC752BF391CB00734AF4 /* Build configuration list for PBXProject "MovingBox" */;
			compatibilityVersion = "Xcode 14.0";
			developmentRegion = en;
			hasScannedForEncodings = 0;
			knownRegions = (
				en,
				Base,
			);
			mainGroup = 1942DC712BF391CB00734AF4;
			packageReferences = (
				1920B0D42D88B13000CFA1E9 /* XCRemoteSwiftPackageReference "SwiftSDK" */,
				1965A96D2D9D5A4E00B799C9 /* XCRemoteSwiftPackageReference "swift-snapshot-testing" */,
				1961C6E72D9DDC56004CF387 /* XCRemoteSwiftPackageReference "purchases-ios-spm" */,
				AB7359BF54434E2EA3F78728 /* XCRemoteSwiftPackageReference "sentry-cocoa" */,
			);
			productRefGroup = 1942DC7B2BF391CB00734AF4 /* Products */;
			projectDirPath = "";
			projectRoot = "";
			targets = (
				1942DC792BF391CB00734AF4 /* MovingBox */,
				19D133C82D75455B002448A9 /* MovingBoxTests */,
				19B7D96E2D9B112200690F64 /* MovingBoxUITests */,
			);
		};
/* End PBXProject section */

/* Begin PBXResourcesBuildPhase section */
		1942DC782BF391CB00734AF4 /* Resources */ = {
			isa = PBXResourcesBuildPhase;
			buildActionMask = 2147483647;
			files = (
				1942DC852BF391CF00734AF4 /* Preview Assets.xcassets in Resources */,
				1927DDFA2D8B1FEF00BEFD9D /* download_images.py in Resources */,
				1961C6FA2D9EBB34004CF387 /* MovingBoxStoreKit.storekit in Resources */,
				1927DE702D8B2DB400BEFD9D /* TestAssets.xcassets in Resources */,
				1942DC822BF391CF00734AF4 /* Assets.xcassets in Resources */,
			);
			runOnlyForDeploymentPostprocessing = 0;
		};
		19B7D96D2D9B112200690F64 /* Resources */ = {
			isa = PBXResourcesBuildPhase;
			buildActionMask = 2147483647;
			files = (
			);
			runOnlyForDeploymentPostprocessing = 0;
		};
		19D133C72D75455B002448A9 /* Resources */ = {
			isa = PBXResourcesBuildPhase;
			buildActionMask = 2147483647;
			files = (
			);
			runOnlyForDeploymentPostprocessing = 0;
		};
/* End PBXResourcesBuildPhase section */

/* Begin PBXShellScriptBuildPhase section */
		309ED56E16674F43B9263DCC /* Upload Debug Symbols to Sentry */ = {
			isa = PBXShellScriptBuildPhase;
			buildActionMask = 2147483647;
			files = (
			);
			inputPaths = (
				"${DWARF_DSYM_FOLDER_PATH}/${DWARF_DSYM_FILE_NAME}/Contents/Resources/DWARF/${TARGET_NAME}",
			);
			name = "Upload Debug Symbols to Sentry";
			outputPaths = (
			);
			runOnlyForDeploymentPostprocessing = 0;
			shellPath = /bin/sh;
			shellScript = "# This script is responsible for uploading debug symbols and source context for Sentry.\nif which sentry-cli >/dev/null; then\nexport SENTRY_ORG=mothersound\nexport SENTRY_PROJECT=movingbox\nERROR=$(sentry-cli debug-files upload --include-sources \"$DWARF_DSYM_FOLDER_PATH\" 2>&1 >/dev/null)\nif [ ! $? -eq 0 ]; then\necho \"warning: sentry-cli - $ERROR\"\nfi\nelse\necho \"warning: sentry-cli not installed, download from https://github.com/getsentry/sentry-cli/releases\"\nfi\n";
		};
/* End PBXShellScriptBuildPhase section */

/* Begin PBXSourcesBuildPhase section */
		1942DC762BF391CB00734AF4 /* Sources */ = {
			isa = PBXSourcesBuildPhase;
			buildActionMask = 2147483647;
			files = (
				1942DC962BF3DBBD00734AF4 /* ImageEncoder.swift in Sources */,
				19ECBB112DA5995900B8BF96 /* RevenueCatManager.swift in Sources */,
				194195662DA4805B008CABAA /* ModelContainerManager.swift in Sources */,
				19F765D52DAB558000AE287D /* OptimizedImageManager.swift in Sources */,
				198958AF2BF99F5600C52CAE /* Previewer.swift in Sources */,
				198958AD2BF8FAC700C52CAE /* TestData.swift in Sources */,
				196109F52D764D9100A76504 /* ColorExtension.swift in Sources */,
				19D3430E2C12146800F8B2C7 /* Router.swift in Sources */,
				1942DC7E2BF391CB00734AF4 /* MovingBoxApp.swift in Sources */,
				1920B1172D88B29100CFA1E9 /* TelemetryManager.swift in Sources */,
				1942DC8C2BF3D4BE00734AF4 /* OpenAIService.swift in Sources */,
				190DFBA42D6FC2170062D079 /* CurrencyFormatter.swift in Sources */,
				19750C382DA07FF40056F0FC /* OnboardingManager.swift in Sources */,
				19D133912D72B422002448A9 /* DefaultDataManager.swift in Sources */,
				191FEA612D6D04E5006FF067 /* SettingsManager.swift in Sources */,
				19C01D5E2D93088300773DA4 /* JWTManager.swift in Sources */,
			);
			runOnlyForDeploymentPostprocessing = 0;
		};
		19B7D96B2D9B112200690F64 /* Sources */ = {
			isa = PBXSourcesBuildPhase;
			buildActionMask = 2147483647;
			files = (
			);
			runOnlyForDeploymentPostprocessing = 0;
		};
		19D133C52D75455B002448A9 /* Sources */ = {
			isa = PBXSourcesBuildPhase;
			buildActionMask = 2147483647;
			files = (
				1965A9712D9D5A7F00B799C9 /* SnapshotTests.swift in Sources */,
			);
			runOnlyForDeploymentPostprocessing = 0;
		};
/* End PBXSourcesBuildPhase section */

/* Begin PBXTargetDependency section */
		19B7D9762D9B112200690F64 /* PBXTargetDependency */ = {
			isa = PBXTargetDependency;
			target = 1942DC792BF391CB00734AF4 /* MovingBox */;
			targetProxy = 19B7D9752D9B112200690F64 /* PBXContainerItemProxy */;
		};
		19D133CE2D75455B002448A9 /* PBXTargetDependency */ = {
			isa = PBXTargetDependency;
			target = 1942DC792BF391CB00734AF4 /* MovingBox */;
			targetProxy = 19D133CD2D75455B002448A9 /* PBXContainerItemProxy */;
		};
/* End PBXTargetDependency section */

/* Begin XCBuildConfiguration section */
		1942DC862BF391CF00734AF4 /* Debug */ = {
			isa = XCBuildConfiguration;
			baseConfigurationReferenceAnchor = 19C01D602D93157A00773DA4 /* Configuration */;
			baseConfigurationReferenceRelativePath = Base.xcconfig;
			buildSettings = {
				ALWAYS_SEARCH_USER_PATHS = NO;
				ASSETCATALOG_COMPILER_GENERATE_SWIFT_ASSET_SYMBOL_EXTENSIONS = YES;
				CLANG_ANALYZER_NONNULL = YES;
				CLANG_ANALYZER_NUMBER_OBJECT_CONVERSION = YES_AGGRESSIVE;
				CLANG_CXX_LANGUAGE_STANDARD = "gnu++20";
				CLANG_ENABLE_MODULES = YES;
				CLANG_ENABLE_OBJC_ARC = YES;
				CLANG_ENABLE_OBJC_WEAK = YES;
				CLANG_WARN_BLOCK_CAPTURE_AUTORELEASING = YES;
				CLANG_WARN_BOOL_CONVERSION = YES;
				CLANG_WARN_COMMA = YES;
				CLANG_WARN_CONSTANT_CONVERSION = YES;
				CLANG_WARN_DEPRECATED_OBJC_IMPLEMENTATIONS = YES;
				CLANG_WARN_DIRECT_OBJC_ISA_USAGE = YES_ERROR;
				CLANG_WARN_DOCUMENTATION_COMMENTS = YES;
				CLANG_WARN_EMPTY_BODY = YES;
				CLANG_WARN_ENUM_CONVERSION = YES;
				CLANG_WARN_INFINITE_RECURSION = YES;
				CLANG_WARN_INT_CONVERSION = YES;
				CLANG_WARN_NON_LITERAL_NULL_CONVERSION = YES;
				CLANG_WARN_OBJC_IMPLICIT_RETAIN_SELF = YES;
				CLANG_WARN_OBJC_LITERAL_CONVERSION = YES;
				CLANG_WARN_OBJC_ROOT_CLASS = YES_ERROR;
				CLANG_WARN_QUOTED_INCLUDE_IN_FRAMEWORK_HEADER = YES;
				CLANG_WARN_RANGE_LOOP_ANALYSIS = YES;
				CLANG_WARN_STRICT_PROTOTYPES = YES;
				CLANG_WARN_SUSPICIOUS_MOVE = YES;
				CLANG_WARN_UNGUARDED_AVAILABILITY = YES_AGGRESSIVE;
				CLANG_WARN_UNREACHABLE_CODE = YES;
				CLANG_WARN__DUPLICATE_METHOD_MATCH = YES;
				COPY_PHASE_STRIP = NO;
				DEBUG_INFORMATION_FORMAT = dwarf;
				DEVELOPMENT_TEAM = V7HLP74XY3;
				ENABLE_STRICT_OBJC_MSGSEND = YES;
				ENABLE_TESTABILITY = YES;
				ENABLE_USER_SCRIPT_SANDBOXING = YES;
				GCC_C_LANGUAGE_STANDARD = gnu17;
				GCC_DYNAMIC_NO_PIC = NO;
				GCC_NO_COMMON_BLOCKS = YES;
				GCC_OPTIMIZATION_LEVEL = 0;
				GCC_PREPROCESSOR_DEFINITIONS = (
					"DEBUG=1",
					"$(inherited)",
				);
				GCC_WARN_64_TO_32_BIT_CONVERSION = YES;
				GCC_WARN_ABOUT_RETURN_TYPE = YES_ERROR;
				GCC_WARN_UNDECLARED_SELECTOR = YES;
				GCC_WARN_UNINITIALIZED_AUTOS = YES_AGGRESSIVE;
				GCC_WARN_UNUSED_FUNCTION = YES;
				GCC_WARN_UNUSED_VARIABLE = YES;
				IPHONEOS_DEPLOYMENT_TARGET = 17.4;
				LOCALIZATION_PREFERS_STRING_CATALOGS = YES;
				MTL_ENABLE_DEBUG_INFO = INCLUDE_SOURCE;
				MTL_FAST_MATH = YES;
				ONLY_ACTIVE_ARCH = YES;
				SDKROOT = iphoneos;
				SWIFT_ACTIVE_COMPILATION_CONDITIONS = "DEBUG $(inherited)";
				SWIFT_OPTIMIZATION_LEVEL = "-Onone";
			};
			name = Debug;
		};
		1942DC872BF391CF00734AF4 /* Release */ = {
			isa = XCBuildConfiguration;
			baseConfigurationReferenceAnchor = 19C01D602D93157A00773DA4 /* Configuration */;
			baseConfigurationReferenceRelativePath = Base.xcconfig;
			buildSettings = {
				ALWAYS_SEARCH_USER_PATHS = NO;
				ASSETCATALOG_COMPILER_GENERATE_SWIFT_ASSET_SYMBOL_EXTENSIONS = YES;
				CLANG_ANALYZER_NONNULL = YES;
				CLANG_ANALYZER_NUMBER_OBJECT_CONVERSION = YES_AGGRESSIVE;
				CLANG_CXX_LANGUAGE_STANDARD = "gnu++20";
				CLANG_ENABLE_MODULES = YES;
				CLANG_ENABLE_OBJC_ARC = YES;
				CLANG_ENABLE_OBJC_WEAK = YES;
				CLANG_WARN_BLOCK_CAPTURE_AUTORELEASING = YES;
				CLANG_WARN_BOOL_CONVERSION = YES;
				CLANG_WARN_COMMA = YES;
				CLANG_WARN_CONSTANT_CONVERSION = YES;
				CLANG_WARN_DEPRECATED_OBJC_IMPLEMENTATIONS = YES;
				CLANG_WARN_DIRECT_OBJC_ISA_USAGE = YES_ERROR;
				CLANG_WARN_DOCUMENTATION_COMMENTS = YES;
				CLANG_WARN_EMPTY_BODY = YES;
				CLANG_WARN_ENUM_CONVERSION = YES;
				CLANG_WARN_INFINITE_RECURSION = YES;
				CLANG_WARN_INT_CONVERSION = YES;
				CLANG_WARN_NON_LITERAL_NULL_CONVERSION = YES;
				CLANG_WARN_OBJC_IMPLICIT_RETAIN_SELF = YES;
				CLANG_WARN_OBJC_LITERAL_CONVERSION = YES;
				CLANG_WARN_OBJC_ROOT_CLASS = YES_ERROR;
				CLANG_WARN_QUOTED_INCLUDE_IN_FRAMEWORK_HEADER = YES;
				CLANG_WARN_RANGE_LOOP_ANALYSIS = YES;
				CLANG_WARN_STRICT_PROTOTYPES = YES;
				CLANG_WARN_SUSPICIOUS_MOVE = YES;
				CLANG_WARN_UNGUARDED_AVAILABILITY = YES_AGGRESSIVE;
				CLANG_WARN_UNREACHABLE_CODE = YES;
				CLANG_WARN__DUPLICATE_METHOD_MATCH = YES;
				COPY_PHASE_STRIP = NO;
				DEBUG_INFORMATION_FORMAT = "dwarf-with-dsym";
				DEVELOPMENT_TEAM = V7HLP74XY3;
				ENABLE_NS_ASSERTIONS = NO;
				ENABLE_STRICT_OBJC_MSGSEND = YES;
				ENABLE_USER_SCRIPT_SANDBOXING = YES;
				GCC_C_LANGUAGE_STANDARD = gnu17;
				GCC_NO_COMMON_BLOCKS = YES;
				GCC_WARN_64_TO_32_BIT_CONVERSION = YES;
				GCC_WARN_ABOUT_RETURN_TYPE = YES_ERROR;
				GCC_WARN_UNDECLARED_SELECTOR = YES;
				GCC_WARN_UNINITIALIZED_AUTOS = YES_AGGRESSIVE;
				GCC_WARN_UNUSED_FUNCTION = YES;
				GCC_WARN_UNUSED_VARIABLE = YES;
				IPHONEOS_DEPLOYMENT_TARGET = 17.4;
				LOCALIZATION_PREFERS_STRING_CATALOGS = YES;
				MTL_ENABLE_DEBUG_INFO = NO;
				MTL_FAST_MATH = YES;
				SDKROOT = iphoneos;
				SWIFT_COMPILATION_MODE = wholemodule;
				VALIDATE_PRODUCT = YES;
			};
			name = Release;
		};
		1942DC892BF391CF00734AF4 /* Debug */ = {
			isa = XCBuildConfiguration;
			baseConfigurationReferenceAnchor = 19C01D602D93157A00773DA4 /* Configuration */;
			baseConfigurationReferenceRelativePath = Base.xcconfig;
			buildSettings = {
				ASSETCATALOG_COMPILER_APPICON_NAME = AppIcon;
				"ASSETCATALOG_COMPILER_APPICON_NAME[sdk=iphoneos*]" = AppIcon;
				ASSETCATALOG_COMPILER_GLOBAL_ACCENT_COLOR_NAME = AccentColor;
				ASSETCATALOG_COMPILER_INCLUDE_ALL_APPICON_ASSETS = YES;
				CODE_SIGN_ENTITLEMENTS = MovingBox/MovingBox.entitlements;
				CODE_SIGN_STYLE = Automatic;
				CURRENT_PROJECT_VERSION = 1;
				DEBUG_INFORMATION_FORMAT = "dwarf-with-dsym";
				DEVELOPMENT_ASSET_PATHS = "\"MovingBox/Preview Content\"";
				ENABLE_PREVIEWS = YES;
				ENABLE_USER_SCRIPT_SANDBOXING = NO;
				GENERATE_INFOPLIST_FILE = YES;
				INFOPLIST_FILE = MovingBox/Info.plist;
				INFOPLIST_KEY_CFBundleDisplayName = MovingBox;
				INFOPLIST_KEY_ITSAppUsesNonExemptEncryption = NO;
				INFOPLIST_KEY_LSApplicationCategoryType = "public.app-category.utilities";
				INFOPLIST_KEY_NSCameraUsageDescription = "MovingBox needs camera access to help you photograph and document your items for inventory tracking";
				INFOPLIST_KEY_UIApplicationSceneManifest_Generation = YES;
				INFOPLIST_KEY_UIApplicationSupportsIndirectInputEvents = YES;
				INFOPLIST_KEY_UILaunchScreen_Generation = YES;
				INFOPLIST_KEY_UISupportedInterfaceOrientations = UIInterfaceOrientationPortrait;
				INFOPLIST_KEY_UISupportedInterfaceOrientations_iPad = "UIInterfaceOrientationLandscapeLeft UIInterfaceOrientationLandscapeRight UIInterfaceOrientationPortrait UIInterfaceOrientationPortraitUpsideDown";
				IPHONEOS_DEPLOYMENT_TARGET = 18.0;
				LD_RUNPATH_SEARCH_PATHS = (
					"$(inherited)",
					"@executable_path/Frameworks",
				);
				MARKETING_VERSION = "$(MARKETING_VERSION)";
				PRODUCT_BUNDLE_IDENTIFIER = com.mothersound.movingbox;
				PRODUCT_NAME = "$(TARGET_NAME)";
				SWIFT_EMIT_LOC_STRINGS = YES;
				SWIFT_VERSION = 5.0;
				TARGETED_DEVICE_FAMILY = "1,2";
			};
			name = Debug;
		};
		1942DC8A2BF391CF00734AF4 /* Release */ = {
			isa = XCBuildConfiguration;
			baseConfigurationReferenceAnchor = 19C01D602D93157A00773DA4 /* Configuration */;
			baseConfigurationReferenceRelativePath = Base.xcconfig;
			buildSettings = {
				ASSETCATALOG_COMPILER_APPICON_NAME = AppIcon;
				"ASSETCATALOG_COMPILER_APPICON_NAME[sdk=iphoneos*]" = AppIcon;
				ASSETCATALOG_COMPILER_GLOBAL_ACCENT_COLOR_NAME = AccentColor;
				ASSETCATALOG_COMPILER_INCLUDE_ALL_APPICON_ASSETS = YES;
				CODE_SIGN_ENTITLEMENTS = MovingBox/MovingBox.entitlements;
				CODE_SIGN_STYLE = Automatic;
				CURRENT_PROJECT_VERSION = 1;
				DEBUG_INFORMATION_FORMAT = "dwarf-with-dsym";
				DEVELOPMENT_ASSET_PATHS = "\"MovingBox/Preview Content\"";
				ENABLE_PREVIEWS = YES;
				ENABLE_USER_SCRIPT_SANDBOXING = NO;
				GENERATE_INFOPLIST_FILE = YES;
				INFOPLIST_FILE = MovingBox/Info.plist;
				INFOPLIST_KEY_CFBundleDisplayName = MovingBox;
				INFOPLIST_KEY_ITSAppUsesNonExemptEncryption = NO;
				INFOPLIST_KEY_LSApplicationCategoryType = "public.app-category.utilities";
				INFOPLIST_KEY_NSCameraUsageDescription = "MovingBox needs camera access to help you photograph and document your items for inventory tracking";
				INFOPLIST_KEY_UIApplicationSceneManifest_Generation = YES;
				INFOPLIST_KEY_UIApplicationSupportsIndirectInputEvents = YES;
				INFOPLIST_KEY_UILaunchScreen_Generation = YES;
				INFOPLIST_KEY_UISupportedInterfaceOrientations = UIInterfaceOrientationPortrait;
				INFOPLIST_KEY_UISupportedInterfaceOrientations_iPad = "UIInterfaceOrientationLandscapeLeft UIInterfaceOrientationLandscapeRight UIInterfaceOrientationPortrait UIInterfaceOrientationPortraitUpsideDown";
				IPHONEOS_DEPLOYMENT_TARGET = 18.0;
				LD_RUNPATH_SEARCH_PATHS = (
					"$(inherited)",
					"@executable_path/Frameworks",
				);
				MARKETING_VERSION = "$(MARKETING_VERSION)";
				PRODUCT_BUNDLE_IDENTIFIER = com.mothersound.movingbox;
				PRODUCT_NAME = "$(TARGET_NAME)";
				SWIFT_EMIT_LOC_STRINGS = YES;
				SWIFT_VERSION = 5.0;
				TARGETED_DEVICE_FAMILY = "1,2";
			};
			name = Release;
		};
		19A559682D9F0A2100FC62C9 /* Beta-Debug */ = {
			isa = XCBuildConfiguration;
			baseConfigurationReferenceAnchor = 19C01D602D93157A00773DA4 /* Configuration */;
			baseConfigurationReferenceRelativePath = Base.xcconfig;
			buildSettings = {
				ALWAYS_SEARCH_USER_PATHS = NO;
				ASSETCATALOG_COMPILER_GENERATE_SWIFT_ASSET_SYMBOL_EXTENSIONS = YES;
				CLANG_ANALYZER_NONNULL = YES;
				CLANG_ANALYZER_NUMBER_OBJECT_CONVERSION = YES_AGGRESSIVE;
				CLANG_CXX_LANGUAGE_STANDARD = "gnu++20";
				CLANG_ENABLE_MODULES = YES;
				CLANG_ENABLE_OBJC_ARC = YES;
				CLANG_ENABLE_OBJC_WEAK = YES;
				CLANG_WARN_BLOCK_CAPTURE_AUTORELEASING = YES;
				CLANG_WARN_BOOL_CONVERSION = YES;
				CLANG_WARN_COMMA = YES;
				CLANG_WARN_CONSTANT_CONVERSION = YES;
				CLANG_WARN_DEPRECATED_OBJC_IMPLEMENTATIONS = YES;
				CLANG_WARN_DIRECT_OBJC_ISA_USAGE = YES_ERROR;
				CLANG_WARN_DOCUMENTATION_COMMENTS = YES;
				CLANG_WARN_EMPTY_BODY = YES;
				CLANG_WARN_ENUM_CONVERSION = YES;
				CLANG_WARN_INFINITE_RECURSION = YES;
				CLANG_WARN_INT_CONVERSION = YES;
				CLANG_WARN_NON_LITERAL_NULL_CONVERSION = YES;
				CLANG_WARN_OBJC_IMPLICIT_RETAIN_SELF = YES;
				CLANG_WARN_OBJC_LITERAL_CONVERSION = YES;
				CLANG_WARN_OBJC_ROOT_CLASS = YES_ERROR;
				CLANG_WARN_QUOTED_INCLUDE_IN_FRAMEWORK_HEADER = YES;
				CLANG_WARN_RANGE_LOOP_ANALYSIS = YES;
				CLANG_WARN_STRICT_PROTOTYPES = YES;
				CLANG_WARN_SUSPICIOUS_MOVE = YES;
				CLANG_WARN_UNGUARDED_AVAILABILITY = YES_AGGRESSIVE;
				CLANG_WARN_UNREACHABLE_CODE = YES;
				CLANG_WARN__DUPLICATE_METHOD_MATCH = YES;
				COPY_PHASE_STRIP = NO;
				DEBUG_INFORMATION_FORMAT = dwarf;
				DEVELOPMENT_TEAM = V7HLP74XY3;
				ENABLE_STRICT_OBJC_MSGSEND = YES;
				ENABLE_TESTABILITY = YES;
				ENABLE_USER_SCRIPT_SANDBOXING = YES;
				GCC_C_LANGUAGE_STANDARD = gnu17;
				GCC_DYNAMIC_NO_PIC = NO;
				GCC_NO_COMMON_BLOCKS = YES;
				GCC_OPTIMIZATION_LEVEL = 0;
				GCC_PREPROCESSOR_DEFINITIONS = (
					"DEBUG=1",
					"$(inherited)",
				);
				GCC_WARN_64_TO_32_BIT_CONVERSION = YES;
				GCC_WARN_ABOUT_RETURN_TYPE = YES_ERROR;
				GCC_WARN_UNDECLARED_SELECTOR = YES;
				GCC_WARN_UNINITIALIZED_AUTOS = YES_AGGRESSIVE;
				GCC_WARN_UNUSED_FUNCTION = YES;
				GCC_WARN_UNUSED_VARIABLE = YES;
				IPHONEOS_DEPLOYMENT_TARGET = 17.4;
				LOCALIZATION_PREFERS_STRING_CATALOGS = YES;
				MTL_ENABLE_DEBUG_INFO = INCLUDE_SOURCE;
				MTL_FAST_MATH = YES;
				ONLY_ACTIVE_ARCH = YES;
				OTHER_SWIFT_FLAGS = "";
				SDKROOT = iphoneos;
				SWIFT_ACTIVE_COMPILATION_CONDITIONS = "DEBUG $(inherited) BETA";
				SWIFT_OPTIMIZATION_LEVEL = "-Onone";
			};
			name = "Beta-Debug";
		};
		19A559692D9F0A2100FC62C9 /* Beta-Debug */ = {
			isa = XCBuildConfiguration;
			baseConfigurationReferenceAnchor = 19C01D602D93157A00773DA4 /* Configuration */;
			baseConfigurationReferenceRelativePath = Base.xcconfig;
			buildSettings = {
				ASSETCATALOG_COMPILER_APPICON_NAME = AppIcon.beta;
				"ASSETCATALOG_COMPILER_APPICON_NAME[sdk=iphoneos*]" = AppIcon.beta;
				ASSETCATALOG_COMPILER_GLOBAL_ACCENT_COLOR_NAME = AccentColor;
				ASSETCATALOG_COMPILER_INCLUDE_ALL_APPICON_ASSETS = YES;
				CODE_SIGN_ENTITLEMENTS = MovingBox/MovingBox.entitlements;
				CODE_SIGN_STYLE = Automatic;
				CURRENT_PROJECT_VERSION = 1;
				DEBUG_INFORMATION_FORMAT = "dwarf-with-dsym";
				DEVELOPMENT_ASSET_PATHS = "\"MovingBox/Preview Content\"";
				ENABLE_PREVIEWS = YES;
				ENABLE_USER_SCRIPT_SANDBOXING = NO;
				GENERATE_INFOPLIST_FILE = YES;
				INFOPLIST_FILE = MovingBox/Info.plist;
				INFOPLIST_KEY_CFBundleDisplayName = MovingBox;
				INFOPLIST_KEY_ITSAppUsesNonExemptEncryption = NO;
				INFOPLIST_KEY_LSApplicationCategoryType = "public.app-category.utilities";
				INFOPLIST_KEY_NSCameraUsageDescription = "MovingBox needs camera access to help you photograph and document your items for inventory tracking";
				INFOPLIST_KEY_UIApplicationSceneManifest_Generation = YES;
				INFOPLIST_KEY_UIApplicationSupportsIndirectInputEvents = YES;
				INFOPLIST_KEY_UILaunchScreen_Generation = YES;
				INFOPLIST_KEY_UISupportedInterfaceOrientations = UIInterfaceOrientationPortrait;
				INFOPLIST_KEY_UISupportedInterfaceOrientations_iPad = "UIInterfaceOrientationLandscapeLeft UIInterfaceOrientationLandscapeRight UIInterfaceOrientationPortrait UIInterfaceOrientationPortraitUpsideDown";
				IPHONEOS_DEPLOYMENT_TARGET = 18.0;
				LD_RUNPATH_SEARCH_PATHS = (
					"$(inherited)",
					"@executable_path/Frameworks",
				);
				MARKETING_VERSION = "$(MARKETING_VERSION)";
				PRODUCT_BUNDLE_IDENTIFIER = com.mothersound.movingbox;
				PRODUCT_NAME = "$(TARGET_NAME)";
				SWIFT_EMIT_LOC_STRINGS = YES;
				SWIFT_VERSION = 5.0;
				TARGETED_DEVICE_FAMILY = "1,2";
			};
			name = "Beta-Debug";
		};
		19A5596A2D9F0A2100FC62C9 /* Beta-Debug */ = {
			isa = XCBuildConfiguration;
			baseConfigurationReferenceAnchor = 19C01D602D93157A00773DA4 /* Configuration */;
			baseConfigurationReferenceRelativePath = Base.xcconfig;
			buildSettings = {
				BUNDLE_LOADER = "$(TEST_HOST)";
				CODE_SIGN_STYLE = Automatic;
				CURRENT_PROJECT_VERSION = 1;
				DEAD_CODE_STRIPPING = YES;
				GENERATE_INFOPLIST_FILE = YES;
				IPHONEOS_DEPLOYMENT_TARGET = 18.2;
				MACOSX_DEPLOYMENT_TARGET = 15.2;
				MARKETING_VERSION = 1.0;
				PRODUCT_BUNDLE_IDENTIFIER = com.mothersound.MovingBoxTests;
				PRODUCT_NAME = "$(TARGET_NAME)";
				SDKROOT = auto;
				SUPPORTED_PLATFORMS = "iphoneos iphonesimulator macosx xros xrsimulator";
				SWIFT_EMIT_LOC_STRINGS = NO;
				SWIFT_VERSION = 5.0;
				TARGETED_DEVICE_FAMILY = "1,2,7";
				TEST_HOST = "$(BUILT_PRODUCTS_DIR)/MovingBox.app/$(BUNDLE_EXECUTABLE_FOLDER_PATH)/MovingBox";
				XROS_DEPLOYMENT_TARGET = 2.2;
			};
			name = "Beta-Debug";
		};
		19A5596B2D9F0A2100FC62C9 /* Beta-Debug */ = {
			isa = XCBuildConfiguration;
			baseConfigurationReferenceAnchor = 19C01D602D93157A00773DA4 /* Configuration */;
			baseConfigurationReferenceRelativePath = Base.xcconfig;
			buildSettings = {
				CODE_SIGN_STYLE = Automatic;
				CURRENT_PROJECT_VERSION = 1;
				DEAD_CODE_STRIPPING = YES;
				GENERATE_INFOPLIST_FILE = YES;
				IPHONEOS_DEPLOYMENT_TARGET = 18.2;
				MACOSX_DEPLOYMENT_TARGET = 15.2;
				MARKETING_VERSION = 1.0;
				PRODUCT_BUNDLE_IDENTIFIER = com.mothersound.MovingBoxUITests;
				PRODUCT_NAME = "$(TARGET_NAME)";
				SDKROOT = auto;
				SUPPORTED_PLATFORMS = "iphoneos iphonesimulator macosx xros xrsimulator";
				SWIFT_EMIT_LOC_STRINGS = NO;
				SWIFT_VERSION = 5.0;
				TARGETED_DEVICE_FAMILY = "1,2,7";
				TEST_TARGET_NAME = MovingBox;
				XROS_DEPLOYMENT_TARGET = 2.2;
			};
			name = "Beta-Debug";
		};
		19A5596C2D9F0C0000FC62C9 /* Beta-Release */ = {
			isa = XCBuildConfiguration;
			baseConfigurationReferenceAnchor = 19C01D602D93157A00773DA4 /* Configuration */;
			baseConfigurationReferenceRelativePath = Base.xcconfig;
			buildSettings = {
				ALWAYS_SEARCH_USER_PATHS = NO;
				ASSETCATALOG_COMPILER_GENERATE_SWIFT_ASSET_SYMBOL_EXTENSIONS = YES;
				CLANG_ANALYZER_NONNULL = YES;
				CLANG_ANALYZER_NUMBER_OBJECT_CONVERSION = YES_AGGRESSIVE;
				CLANG_CXX_LANGUAGE_STANDARD = "gnu++20";
				CLANG_ENABLE_MODULES = YES;
				CLANG_ENABLE_OBJC_ARC = YES;
				CLANG_ENABLE_OBJC_WEAK = YES;
				CLANG_WARN_BLOCK_CAPTURE_AUTORELEASING = YES;
				CLANG_WARN_BOOL_CONVERSION = YES;
				CLANG_WARN_COMMA = YES;
				CLANG_WARN_CONSTANT_CONVERSION = YES;
				CLANG_WARN_DEPRECATED_OBJC_IMPLEMENTATIONS = YES;
				CLANG_WARN_DIRECT_OBJC_ISA_USAGE = YES_ERROR;
				CLANG_WARN_DOCUMENTATION_COMMENTS = YES;
				CLANG_WARN_EMPTY_BODY = YES;
				CLANG_WARN_ENUM_CONVERSION = YES;
				CLANG_WARN_INFINITE_RECURSION = YES;
				CLANG_WARN_INT_CONVERSION = YES;
				CLANG_WARN_NON_LITERAL_NULL_CONVERSION = YES;
				CLANG_WARN_OBJC_IMPLICIT_RETAIN_SELF = YES;
				CLANG_WARN_OBJC_LITERAL_CONVERSION = YES;
				CLANG_WARN_OBJC_ROOT_CLASS = YES_ERROR;
				CLANG_WARN_QUOTED_INCLUDE_IN_FRAMEWORK_HEADER = YES;
				CLANG_WARN_RANGE_LOOP_ANALYSIS = YES;
				CLANG_WARN_STRICT_PROTOTYPES = YES;
				CLANG_WARN_SUSPICIOUS_MOVE = YES;
				CLANG_WARN_UNGUARDED_AVAILABILITY = YES_AGGRESSIVE;
				CLANG_WARN_UNREACHABLE_CODE = YES;
				CLANG_WARN__DUPLICATE_METHOD_MATCH = YES;
				COPY_PHASE_STRIP = NO;
				DEBUG_INFORMATION_FORMAT = "dwarf-with-dsym";
				DEVELOPMENT_TEAM = V7HLP74XY3;
				ENABLE_NS_ASSERTIONS = NO;
				ENABLE_STRICT_OBJC_MSGSEND = YES;
				ENABLE_USER_SCRIPT_SANDBOXING = YES;
				GCC_C_LANGUAGE_STANDARD = gnu17;
				GCC_NO_COMMON_BLOCKS = YES;
				GCC_WARN_64_TO_32_BIT_CONVERSION = YES;
				GCC_WARN_ABOUT_RETURN_TYPE = YES_ERROR;
				GCC_WARN_UNDECLARED_SELECTOR = YES;
				GCC_WARN_UNINITIALIZED_AUTOS = YES_AGGRESSIVE;
				GCC_WARN_UNUSED_FUNCTION = YES;
				GCC_WARN_UNUSED_VARIABLE = YES;
				IPHONEOS_DEPLOYMENT_TARGET = 17.4;
				LOCALIZATION_PREFERS_STRING_CATALOGS = YES;
				MTL_ENABLE_DEBUG_INFO = NO;
				MTL_FAST_MATH = YES;
				OTHER_SWIFT_FLAGS = "";
				SDKROOT = iphoneos;
				SWIFT_ACTIVE_COMPILATION_CONDITIONS = BETA;
				SWIFT_COMPILATION_MODE = wholemodule;
				VALIDATE_PRODUCT = YES;
			};
			name = "Beta-Release";
		};
		19A5596D2D9F0C0000FC62C9 /* Beta-Release */ = {
			isa = XCBuildConfiguration;
			baseConfigurationReferenceAnchor = 19C01D602D93157A00773DA4 /* Configuration */;
			baseConfigurationReferenceRelativePath = Base.xcconfig;
			buildSettings = {
				ASSETCATALOG_COMPILER_APPICON_NAME = AppIcon.beta;
				"ASSETCATALOG_COMPILER_APPICON_NAME[sdk=iphoneos*]" = AppIcon.beta;
				ASSETCATALOG_COMPILER_GLOBAL_ACCENT_COLOR_NAME = AccentColor;
				ASSETCATALOG_COMPILER_INCLUDE_ALL_APPICON_ASSETS = YES;
				CODE_SIGN_ENTITLEMENTS = MovingBox/MovingBox.entitlements;
				CODE_SIGN_STYLE = Automatic;
				CURRENT_PROJECT_VERSION = 1;
				DEBUG_INFORMATION_FORMAT = "dwarf-with-dsym";
				DEVELOPMENT_ASSET_PATHS = "\"MovingBox/Preview Content\"";
				ENABLE_PREVIEWS = YES;
				ENABLE_USER_SCRIPT_SANDBOXING = NO;
				GENERATE_INFOPLIST_FILE = YES;
				INFOPLIST_FILE = MovingBox/Info.plist;
				INFOPLIST_KEY_CFBundleDisplayName = MovingBox;
				INFOPLIST_KEY_ITSAppUsesNonExemptEncryption = NO;
				INFOPLIST_KEY_LSApplicationCategoryType = "public.app-category.utilities";
				INFOPLIST_KEY_NSCameraUsageDescription = "MovingBox needs camera access to help you photograph and document your items for inventory tracking";
				INFOPLIST_KEY_UIApplicationSceneManifest_Generation = YES;
				INFOPLIST_KEY_UIApplicationSupportsIndirectInputEvents = YES;
				INFOPLIST_KEY_UILaunchScreen_Generation = YES;
				INFOPLIST_KEY_UISupportedInterfaceOrientations = UIInterfaceOrientationPortrait;
				INFOPLIST_KEY_UISupportedInterfaceOrientations_iPad = "UIInterfaceOrientationLandscapeLeft UIInterfaceOrientationLandscapeRight UIInterfaceOrientationPortrait UIInterfaceOrientationPortraitUpsideDown";
				IPHONEOS_DEPLOYMENT_TARGET = 18.0;
				LD_RUNPATH_SEARCH_PATHS = (
					"$(inherited)",
					"@executable_path/Frameworks",
				);
				MARKETING_VERSION = "$(MARKETING_VERSION)";
				PRODUCT_BUNDLE_IDENTIFIER = com.mothersound.movingbox;
				PRODUCT_NAME = "$(TARGET_NAME)";
				SWIFT_EMIT_LOC_STRINGS = YES;
				SWIFT_VERSION = 5.0;
				TARGETED_DEVICE_FAMILY = "1,2";
			};
			name = "Beta-Release";
		};
		19A5596E2D9F0C0000FC62C9 /* Beta-Release */ = {
			isa = XCBuildConfiguration;
			baseConfigurationReferenceAnchor = 19C01D602D93157A00773DA4 /* Configuration */;
			baseConfigurationReferenceRelativePath = Base.xcconfig;
			buildSettings = {
				BUNDLE_LOADER = "$(TEST_HOST)";
				CODE_SIGN_STYLE = Automatic;
				CURRENT_PROJECT_VERSION = 1;
				DEAD_CODE_STRIPPING = YES;
				GENERATE_INFOPLIST_FILE = YES;
				IPHONEOS_DEPLOYMENT_TARGET = 18.2;
				MACOSX_DEPLOYMENT_TARGET = 15.2;
				MARKETING_VERSION = 1.0;
				PRODUCT_BUNDLE_IDENTIFIER = com.mothersound.MovingBoxTests;
				PRODUCT_NAME = "$(TARGET_NAME)";
				SDKROOT = auto;
				SUPPORTED_PLATFORMS = "iphoneos iphonesimulator macosx xros xrsimulator";
				SWIFT_EMIT_LOC_STRINGS = NO;
				SWIFT_VERSION = 5.0;
				TARGETED_DEVICE_FAMILY = "1,2,7";
				TEST_HOST = "$(BUILT_PRODUCTS_DIR)/MovingBox.app/$(BUNDLE_EXECUTABLE_FOLDER_PATH)/MovingBox";
				XROS_DEPLOYMENT_TARGET = 2.2;
			};
			name = "Beta-Release";
		};
		19A5596F2D9F0C0000FC62C9 /* Beta-Release */ = {
			isa = XCBuildConfiguration;
			baseConfigurationReferenceAnchor = 19C01D602D93157A00773DA4 /* Configuration */;
			baseConfigurationReferenceRelativePath = Base.xcconfig;
			buildSettings = {
				CODE_SIGN_STYLE = Automatic;
				CURRENT_PROJECT_VERSION = 1;
				DEAD_CODE_STRIPPING = YES;
				GENERATE_INFOPLIST_FILE = YES;
				IPHONEOS_DEPLOYMENT_TARGET = 18.2;
				MACOSX_DEPLOYMENT_TARGET = 15.2;
				MARKETING_VERSION = 1.0;
				PRODUCT_BUNDLE_IDENTIFIER = com.mothersound.MovingBoxUITests;
				PRODUCT_NAME = "$(TARGET_NAME)";
				SDKROOT = auto;
				SUPPORTED_PLATFORMS = "iphoneos iphonesimulator macosx xros xrsimulator";
				SWIFT_EMIT_LOC_STRINGS = NO;
				SWIFT_VERSION = 5.0;
				TARGETED_DEVICE_FAMILY = "1,2,7";
				TEST_TARGET_NAME = MovingBox;
				XROS_DEPLOYMENT_TARGET = 2.2;
			};
			name = "Beta-Release";
		};
		19B7D9772D9B112200690F64 /* Debug */ = {
			isa = XCBuildConfiguration;
			baseConfigurationReferenceAnchor = 19C01D602D93157A00773DA4 /* Configuration */;
			baseConfigurationReferenceRelativePath = Base.xcconfig;
			buildSettings = {
				CODE_SIGN_STYLE = Automatic;
				CURRENT_PROJECT_VERSION = 1;
				DEAD_CODE_STRIPPING = YES;
				GENERATE_INFOPLIST_FILE = YES;
				IPHONEOS_DEPLOYMENT_TARGET = 18.2;
				MACOSX_DEPLOYMENT_TARGET = 15.2;
				MARKETING_VERSION = 1.0;
				PRODUCT_BUNDLE_IDENTIFIER = com.mothersound.MovingBoxUITests;
				PRODUCT_NAME = "$(TARGET_NAME)";
				SDKROOT = auto;
				SUPPORTED_PLATFORMS = "iphoneos iphonesimulator macosx xros xrsimulator";
				SWIFT_EMIT_LOC_STRINGS = NO;
				SWIFT_VERSION = 5.0;
				TARGETED_DEVICE_FAMILY = "1,2,7";
				TEST_TARGET_NAME = MovingBox;
				XROS_DEPLOYMENT_TARGET = 2.2;
			};
			name = Debug;
		};
		19B7D9782D9B112200690F64 /* Release */ = {
			isa = XCBuildConfiguration;
			baseConfigurationReferenceAnchor = 19C01D602D93157A00773DA4 /* Configuration */;
			baseConfigurationReferenceRelativePath = Base.xcconfig;
			buildSettings = {
				CODE_SIGN_STYLE = Automatic;
				CURRENT_PROJECT_VERSION = 1;
				DEAD_CODE_STRIPPING = YES;
				GENERATE_INFOPLIST_FILE = YES;
				IPHONEOS_DEPLOYMENT_TARGET = 18.2;
				MACOSX_DEPLOYMENT_TARGET = 15.2;
				MARKETING_VERSION = 1.0;
				PRODUCT_BUNDLE_IDENTIFIER = com.mothersound.MovingBoxUITests;
				PRODUCT_NAME = "$(TARGET_NAME)";
				SDKROOT = auto;
				SUPPORTED_PLATFORMS = "iphoneos iphonesimulator macosx xros xrsimulator";
				SWIFT_EMIT_LOC_STRINGS = NO;
				SWIFT_VERSION = 5.0;
				TARGETED_DEVICE_FAMILY = "1,2,7";
				TEST_TARGET_NAME = MovingBox;
				XROS_DEPLOYMENT_TARGET = 2.2;
			};
			name = Release;
		};
		19D133D02D75455B002448A9 /* Debug */ = {
			isa = XCBuildConfiguration;
			baseConfigurationReferenceAnchor = 19C01D602D93157A00773DA4 /* Configuration */;
			baseConfigurationReferenceRelativePath = Base.xcconfig;
			buildSettings = {
				BUNDLE_LOADER = "$(TEST_HOST)";
				CODE_SIGN_STYLE = Automatic;
				CURRENT_PROJECT_VERSION = 1;
				DEAD_CODE_STRIPPING = YES;
				GENERATE_INFOPLIST_FILE = YES;
				IPHONEOS_DEPLOYMENT_TARGET = 18.2;
				MACOSX_DEPLOYMENT_TARGET = 15.2;
				MARKETING_VERSION = 1.0;
				PRODUCT_BUNDLE_IDENTIFIER = com.mothersound.MovingBoxTests;
				PRODUCT_NAME = "$(TARGET_NAME)";
				SDKROOT = auto;
				SUPPORTED_PLATFORMS = "iphoneos iphonesimulator macosx xros xrsimulator";
				SWIFT_EMIT_LOC_STRINGS = NO;
				SWIFT_VERSION = 5.0;
				TARGETED_DEVICE_FAMILY = "1,2,7";
				TEST_HOST = "$(BUILT_PRODUCTS_DIR)/MovingBox.app/$(BUNDLE_EXECUTABLE_FOLDER_PATH)/MovingBox";
				XROS_DEPLOYMENT_TARGET = 2.2;
			};
			name = Debug;
		};
		19D133D12D75455B002448A9 /* Release */ = {
			isa = XCBuildConfiguration;
			baseConfigurationReferenceAnchor = 19C01D602D93157A00773DA4 /* Configuration */;
			baseConfigurationReferenceRelativePath = Base.xcconfig;
			buildSettings = {
				BUNDLE_LOADER = "$(TEST_HOST)";
				CODE_SIGN_STYLE = Automatic;
				CURRENT_PROJECT_VERSION = 1;
				DEAD_CODE_STRIPPING = YES;
				GENERATE_INFOPLIST_FILE = YES;
				IPHONEOS_DEPLOYMENT_TARGET = 18.2;
				MACOSX_DEPLOYMENT_TARGET = 15.2;
				MARKETING_VERSION = 1.0;
				PRODUCT_BUNDLE_IDENTIFIER = com.mothersound.MovingBoxTests;
				PRODUCT_NAME = "$(TARGET_NAME)";
				SDKROOT = auto;
				SUPPORTED_PLATFORMS = "iphoneos iphonesimulator macosx xros xrsimulator";
				SWIFT_EMIT_LOC_STRINGS = NO;
				SWIFT_VERSION = 5.0;
				TARGETED_DEVICE_FAMILY = "1,2,7";
				TEST_HOST = "$(BUILT_PRODUCTS_DIR)/MovingBox.app/$(BUNDLE_EXECUTABLE_FOLDER_PATH)/MovingBox";
				XROS_DEPLOYMENT_TARGET = 2.2;
			};
			name = Release;
		};
/* End XCBuildConfiguration section */

/* Begin XCConfigurationList section */
		1942DC752BF391CB00734AF4 /* Build configuration list for PBXProject "MovingBox" */ = {
			isa = XCConfigurationList;
			buildConfigurations = (
				1942DC862BF391CF00734AF4 /* Debug */,
				19A559682D9F0A2100FC62C9 /* Beta-Debug */,
				1942DC872BF391CF00734AF4 /* Release */,
				19A5596C2D9F0C0000FC62C9 /* Beta-Release */,
			);
			defaultConfigurationIsVisible = 0;
			defaultConfigurationName = Release;
		};
		1942DC882BF391CF00734AF4 /* Build configuration list for PBXNativeTarget "MovingBox" */ = {
			isa = XCConfigurationList;
			buildConfigurations = (
				1942DC892BF391CF00734AF4 /* Debug */,
				19A559692D9F0A2100FC62C9 /* Beta-Debug */,
				1942DC8A2BF391CF00734AF4 /* Release */,
				19A5596D2D9F0C0000FC62C9 /* Beta-Release */,
			);
			defaultConfigurationIsVisible = 0;
			defaultConfigurationName = Release;
		};
		19B7D9792D9B112200690F64 /* Build configuration list for PBXNativeTarget "MovingBoxUITests" */ = {
			isa = XCConfigurationList;
			buildConfigurations = (
				19B7D9772D9B112200690F64 /* Debug */,
				19A5596B2D9F0A2100FC62C9 /* Beta-Debug */,
				19B7D9782D9B112200690F64 /* Release */,
				19A5596F2D9F0C0000FC62C9 /* Beta-Release */,
			);
			defaultConfigurationIsVisible = 0;
			defaultConfigurationName = Release;
		};
		19D133CF2D75455B002448A9 /* Build configuration list for PBXNativeTarget "MovingBoxTests" */ = {
			isa = XCConfigurationList;
			buildConfigurations = (
				19D133D02D75455B002448A9 /* Debug */,
				19A5596A2D9F0A2100FC62C9 /* Beta-Debug */,
				19D133D12D75455B002448A9 /* Release */,
				19A5596E2D9F0C0000FC62C9 /* Beta-Release */,
			);
			defaultConfigurationIsVisible = 0;
			defaultConfigurationName = Release;
		};
/* End XCConfigurationList section */

/* Begin XCRemoteSwiftPackageReference section */
		1920B0D42D88B13000CFA1E9 /* XCRemoteSwiftPackageReference "SwiftSDK" */ = {
			isa = XCRemoteSwiftPackageReference;
			repositoryURL = "https://github.com/TelemetryDeck/SwiftSDK.git";
			requirement = {
				kind = upToNextMajorVersion;
				minimumVersion = 2.9.1;
			};
		};
		1961C6E72D9DDC56004CF387 /* XCRemoteSwiftPackageReference "purchases-ios-spm" */ = {
			isa = XCRemoteSwiftPackageReference;
			repositoryURL = "https://github.com/RevenueCat/purchases-ios-spm.git";
			requirement = {
				kind = upToNextMajorVersion;
				minimumVersion = 5.20.2;
			};
		};
		1965A96D2D9D5A4E00B799C9 /* XCRemoteSwiftPackageReference "swift-snapshot-testing" */ = {
			isa = XCRemoteSwiftPackageReference;
			repositoryURL = "https://github.com/pointfreeco/swift-snapshot-testing.git";
			requirement = {
				kind = upToNextMajorVersion;
				minimumVersion = 1.18.3;
			};
		};
		AB7359BF54434E2EA3F78728 /* XCRemoteSwiftPackageReference "sentry-cocoa" */ = {
			isa = XCRemoteSwiftPackageReference;
			repositoryURL = "https://github.com/getsentry/sentry-cocoa/";
			requirement = {
				kind = upToNextMajorVersion;
				minimumVersion = 8.0.0;
			};
		};
/* End XCRemoteSwiftPackageReference section */

/* Begin XCSwiftPackageProductDependency section */
		1920B0D52D88B13000CFA1E9 /* TelemetryDeck */ = {
			isa = XCSwiftPackageProductDependency;
			package = 1920B0D42D88B13000CFA1E9 /* XCRemoteSwiftPackageReference "SwiftSDK" */;
			productName = TelemetryDeck;
		};
		1961C6E82D9DDC56004CF387 /* RevenueCat */ = {
			isa = XCSwiftPackageProductDependency;
			package = 1961C6E72D9DDC56004CF387 /* XCRemoteSwiftPackageReference "purchases-ios-spm" */;
			productName = RevenueCat;
		};
		1961C6EA2D9DDC56004CF387 /* RevenueCatUI */ = {
			isa = XCSwiftPackageProductDependency;
			package = 1961C6E72D9DDC56004CF387 /* XCRemoteSwiftPackageReference "purchases-ios-spm" */;
			productName = RevenueCatUI;
		};
		1965A96E2D9D5A4E00B799C9 /* SnapshotTesting */ = {
			isa = XCSwiftPackageProductDependency;
			package = 1965A96D2D9D5A4E00B799C9 /* XCRemoteSwiftPackageReference "swift-snapshot-testing" */;
			productName = SnapshotTesting;
		};
		D8EF9BE2FD8E4F3AAFF4F0BC /* Sentry */ = {
			isa = XCSwiftPackageProductDependency;
			package = AB7359BF54434E2EA3F78728 /* XCRemoteSwiftPackageReference "sentry-cocoa" */;
			productName = Sentry;
		};
/* End XCSwiftPackageProductDependency section */
	};
	rootObject = 1942DC722BF391CB00734AF4 /* Project object */;
}
