<?xml version="1.0" encoding="UTF-8"?>
<Scheme
   LastUpgradeVersion = "1630"
   version = "1.7">
   <BuildAction
      parallelizeBuildables = "YES"
      buildImplicitDependencies = "YES"
      buildArchitectures = "Automatic">
      <BuildActionEntries>
         <BuildActionEntry
            buildForTesting = "YES"
            buildForRunning = "YES"
            buildForProfiling = "YES"
            buildForArchiving = "YES"
            buildForAnalyzing = "YES">
            <BuildableReference
               BuildableIdentifier = "primary"
               BlueprintIdentifier = "1942DC792BF391CB00734AF4"
               BuildableName = "MovingBox.app"
               BlueprintName = "MovingBox"
               ReferencedContainer = "container:MovingBox.xcodeproj">
            </BuildableReference>
         </BuildActionEntry>
      </BuildActionEntries>
   </BuildAction>
   <TestAction
      buildConfiguration = "Debug"
      selectedDebuggerIdentifier = "Xcode.DebuggerFoundation.Debugger.LLDB"
      selectedLauncherIdentifier = "Xcode.DebuggerFoundation.Launcher.LLDB"
      shouldUseLaunchSchemeArgsEnv = "YES"
      shouldAutocreateTestPlan = "YES">
      <Testables>
         <TestableReference
            skipped = "NO"
            parallelizable = "YES">
            <BuildableReference
               BuildableIdentifier = "primary"
               BlueprintIdentifier = "19D133C82D75455B002448A9"
               BuildableName = "MovingBoxTests.xctest"
               BlueprintName = "MovingBoxTests"
               ReferencedContainer = "container:MovingBox.xcodeproj">
            </BuildableReference>
            <SkippedTests>
               <Test
                  Identifier = "ICloudSyncManagerTests/testContextObserverSetup()">
               </Test>
            </SkippedTests>
         </TestableReference>
         <TestableReference
            skipped = "NO"
            parallelizable = "YES">
            <BuildableReference
               BuildableIdentifier = "primary"
               BlueprintIdentifier = "19B7D96E2D9B112200690F64"
               BuildableName = "MovingBoxUITests.xctest"
               BlueprintName = "MovingBoxUITests"
               ReferencedContainer = "container:MovingBox.xcodeproj">
            </BuildableReference>
         </TestableReference>
      </Testables>
   </TestAction>
   <LaunchAction
      buildConfiguration = "Debug"
      selectedDebuggerIdentifier = "Xcode.DebuggerFoundation.Debugger.LLDB"
      selectedLauncherIdentifier = "Xcode.DebuggerFoundation.Launcher.LLDB"
      launchStyle = "0"
      useCustomWorkingDirectory = "NO"
      ignoresPersistentStateOnLaunch = "NO"
      debugDocumentVersioning = "YES"
      debugServiceExtension = "internal"
      allowLocationSimulation = "YES">
      <BuildableProductRunnable
         runnableDebuggingMode = "0">
         <BuildableReference
            BuildableIdentifier = "primary"
            BlueprintIdentifier = "1942DC792BF391CB00734AF4"
            BuildableName = "MovingBox.app"
            BlueprintName = "MovingBox"
            ReferencedContainer = "container:MovingBox.xcodeproj">
         </BuildableReference>
      </BuildableProductRunnable>
      <CommandLineArguments>
         <CommandLineArgument
            argument = "Use-Test-Data"
            isEnabled = "YES">
         </CommandLineArgument>
         <CommandLineArgument
            argument = "UI-Testing-Mock-Camera"
            isEnabled = "YES">
         </CommandLineArgument>
         <CommandLineArgument
            argument = "Show-Onboarding"
            isEnabled = "NO">
         </CommandLineArgument>
         <CommandLineArgument
            argument = "Is-Pro"
            isEnabled = "YES">
         </CommandLineArgument>
         <CommandLineArgument
            argument = "Disable-Persistence"
            isEnabled = "YES">
         </CommandLineArgument>
         <CommandLineArgument
            argument = "Skip-Onboarding"
            isEnabled = "YES">
         </CommandLineArgument>
      </CommandLineArguments>
   </LaunchAction>
   <ProfileAction
      buildConfiguration = "Release"
      shouldUseLaunchSchemeArgsEnv = "YES"
      savedToolIdentifier = ""
      useCustomWorkingDirectory = "NO"
      debugDocumentVersioning = "YES">
      <BuildableProductRunnable
         runnableDebuggingMode = "0">
         <BuildableReference
            BuildableIdentifier = "primary"
            BlueprintIdentifier = "1942DC792BF391CB00734AF4"
            BuildableName = "MovingBox.app"
            BlueprintName = "MovingBox"
            ReferencedContainer = "container:MovingBox.xcodeproj">
         </BuildableReference>
      </BuildableProductRunnable>
   </ProfileAction>
   <AnalyzeAction
      buildConfiguration = "Debug">
   </AnalyzeAction>
   <ArchiveAction
      buildConfiguration = "Release"
      revealArchiveInOrganizer = "YES">
   </ArchiveAction>
</Scheme>
